github.com/kettek/apng v0.0.0-20250827064933-2bb5f5fcf253 h1:ar6YqPcuumkcWgAJHkmda6Q35V3OnpxeTej4iU/QFLA=
github.com/kettek/apng v0.0.0-20250827064933-2bb5f5fcf253/go.mod h1:x78/VRQYKuCftMWS0uK5e+F5RJ7S4gSlESRWI0Prl6Q=
golang.org/x/sys v0.43.0 h1:Rlag2XtaFTxp19wS8MXlJwTvoh8ArU6ezoyFsMyCTNI=
golang.org/x/sys v0.43.0/go.mod h1:4GL1E5IUh+htKOUEOaiffhrAeqysfVGipDYzABqnCmw=
